// !$*UTF8*$!
{
	archiveVersion = 1;
	classes = {
	};
	objectVersion = 50;
	objects = {

/* Begin PBXBuildFile section */
		603C188126EE4159006D0A03 /* AppDelegate.swift in Sources */ = {isa = PBXBuildFile; fileRef = 603C188026EE4159006D0A03 /* AppDelegate.swift */; };
		603C188326EE4159006D0A03 /* SceneDelegate.swift in Sources */ = {isa = PBXBuildFile; fileRef = 603C188226EE4159006D0A03 /* SceneDelegate.swift */; };
		603C188826EE4159006D0A03 /* Main.storyboard in Resources */ = {isa = PBXBuildFile; fileRef = 603C188626EE4159006D0A03 /* Main.storyboard */; };
		603C188A26EE415F006D0A03 /* Assets.xcassets in Resources */ = {isa = PBXBuildFile; fileRef = 603C188926EE415F006D0A03 /* Assets.xcassets */; };
		603C188D26EE415F006D0A03 /* LaunchScreen.storyboard in Resources */ = {isa = PBXBuildFile; fileRef = 603C188B26EE415F006D0A03 /* LaunchScreen.storyboard */; };
		603C189B26EE468B006D0A03 /* SeniorUsersTableViewController.swift in Sources */ = {isa = PBXBuildFile; fileRef = 603C189A26EE468B006D0A03 /* SeniorUsersTableViewController.swift */; };
/* End PBXBuildFile section */

/* Begin PBXFileReference section */
		603C187D26EE4159006D0A03 /* FutureSeniors.app */ = {isa = PBXFileReference; explicitFileType = wrapper.application; includeInIndex = 0; path = FutureSeniors.app; sourceTree = BUILT_PRODUCTS_DIR; };
		603C188026EE4159006D0A03 /* AppDelegate.swift */ = {isa = PBXFileReference; lastKnownFileType = sourcecode.swift; path = AppDelegate.swift; sourceTree = "<group>"; };
		603C188226EE4159006D0A03 /* SceneDelegate.swift */ = {isa = PBXFileReference; lastKnownFileType = sourcecode.swift; path = SceneDelegate.swift; sourceTree = "<group>"; };
		603C188726EE4159006D0A03 /* Base */ = {isa = PBXFileReference; lastKnownFileType = file.storyboard; name = Base; path = Base.lproj/Main.storyboard; sourceTree = "<group>"; };
		603C188926EE415F006D0A03 /* Assets.xcassets */ = {isa = PBXFileReference; lastKnownFileType = folder.assetcatalog; path = Assets.xcassets; sourceTree = "<group>"; };
		603C188C26EE415F006D0A03 /* Base */ = {isa = PBXFileReference; lastKnownFileType = file.storyboard; name = Base; path = Base.lproj/LaunchScreen.storyboard; sourceTree = "<group>"; };
		603C188E26EE415F006D0A03 /* Info.plist */ = {isa = PBXFileReference; lastKnownFileType = text.plist.xml; path = Info.plist; sourceTree = "<group>"; };
		603C189A26EE468B006D0A03 /* SeniorUsersTableViewController.swift */ = {isa = PBXFileReference; lastKnownFileType = sourcecode.swift; name = SeniorUsersTableViewController.swift; path = FutureSeniors/SeniorUsersTableViewController.swift; sourceTree = "<group>"; };
/* End PBXFileReference section */

/* Begin PBXFrameworksBuildPhase section */
		603C187A26EE4159006D0A03 /* Frameworks */ = {
			isa = PBXFrameworksBuildPhase;
			buildActionMask = 2147483647;
			files = (
			);
			runOnlyForDeploymentPostprocessing = 0;
		};
/* End PBXFrameworksBuildPhase section */

/* Begin PBXGroup section */
		603C187426EE4159006D0A03 = {
			isa = PBXGroup;
			children = (
				603C187F26EE4159006D0A03 /* FutureSeniors */,
				603C187E26EE4159006D0A03 /* Products */,
			);
			sourceTree = "<group>";
		};
		603C187E26EE4159006D0A03 /* Products */ = {
			isa = PBXGroup;
			children = (
				603C187D26EE4159006D0A03 /* FutureSeniors.app */,
			);
			name = Products;
			sourceTree = "<group>";
		};
		603C187F26EE4159006D0A03 /* FutureSeniors */ = {
			isa = PBXGroup;
			children = (
				603C189C26EE497F006D0A03 /* ViewControllers */,
				603C189526EE439F006D0A03 /* StoryBoards */,
				603C189626EE43B0006D0A03 /* Contents */,
				603C189426EE4391006D0A03 /* App */,
			);
			path = FutureSeniors;
			sourceTree = "<group>";
		};
		603C189426EE4391006D0A03 /* App */ = {
			isa = PBXGroup;
			children = (
				603C188026EE4159006D0A03 /* AppDelegate.swift */,
				603C188226EE4159006D0A03 /* SceneDelegate.swift */,
				603C188E26EE415F006D0A03 /* Info.plist */,
			);
			path = App;
			sourceTree = "<group>";
		};
		603C189526EE439F006D0A03 /* StoryBoards */ = {
			isa = PBXGroup;
			children = (
				603C188626EE4159006D0A03 /* Main.storyboard */,
				603C188B26EE415F006D0A03 /* LaunchScreen.storyboard */,
			);
			path = StoryBoards;
			sourceTree = "<group>";
		};
		603C189626EE43B0006D0A03 /* Contents */ = {
			isa = PBXGroup;
			children = (
				603C188926EE415F006D0A03 /* Assets.xcassets */,
			);
			path = Contents;
			sourceTree = "<group>";
		};
		603C189C26EE497F006D0A03 /* ViewControllers */ = {
			isa = PBXGroup;
			children = (
				603C189A26EE468B006D0A03 /* SeniorUsersTableViewController.swift */,
			);
			name = ViewControllers;
			path = ..;
			sourceTree = "<group>";
		};
/* End PBXGroup section */

/* Begin PBXNativeTarget section */
		603C187C26EE4159006D0A03 /* FutureSeniors */ = {
			isa = PBXNativeTarget;
			buildConfigurationList = 603C189126EE415F006D0A03 /* Build configuration list for PBXNativeTarget "FutureSeniors" */;
			buildPhases = (
				603C187926EE4159006D0A03 /* Sources */,
				603C187A26EE4159006D0A03 /* Frameworks */,
				603C187B26EE4159006D0A03 /* Resources */,
			);
			buildRules = (
			);
			dependencies = (
			);
			name = FutureSeniors;
			productName = FutureSeniors;
			productReference = 603C187D26EE4159006D0A03 /* FutureSeniors.app */;
			productType = "com.apple.product-type.application";
		};
/* End PBXNativeTarget section */

/* Begin PBXProject section */
		603C187526EE4159006D0A03 /* Project object */ = {
			isa = PBXProject;
			attributes = {
				LastSwiftUpdateCheck = 1250;
				LastUpgradeCheck = 1250;
				TargetAttributes = {
					603C187C26EE4159006D0A03 = {
						CreatedOnToolsVersion = 12.5.1;
					};
				};
			};
			buildConfigurationList = 603C187826EE4159006D0A03 /* Build configuration list for PBXProject "FutureSeniors" */;
			compatibilityVersion = "Xcode 9.3";
			developmentRegion = en;
			hasScannedForEncodings = 0;
			knownRegions = (
				en,
				Base,
			);
			mainGroup = 603C187426EE4159006D0A03;
			productRefGroup = 603C187E26EE4159006D0A03 /* Products */;
			projectDirPath = "";
			projectRoot = "";
			targets = (
				603C187C26EE4159006D0A03 /* FutureSeniors */,
			);
		};
/* End PBXProject section */

/* Begin PBXResourcesBuildPhase section */
		603C187B26EE4159006D0A03 /* Resources */ = {
			isa = PBXResourcesBuildPhase;
			buildActionMask = 2147483647;
			files = (
				603C188D26EE415F006D0A03 /* LaunchScreen.storyboard in Resources */,
				603C188A26EE415F006D0A03 /* Assets.xcassets in Resources */,
				603C188826EE4159006D0A03 /* Main.storyboard in Resources */,
			);
			runOnlyForDeploymentPostprocessing = 0;
		};
/* End PBXResourcesBuildPhase section */

/* Begin PBXSourcesBuildPhase section */
		603C187926EE4159006D0A03 /* Sources */ = {
			isa = PBXSourcesBuildPhase;
			buildActionMask = 2147483647;
			files = (
				603C188126EE4159006D0A03 /* AppDelegate.swift in Sources */,
				603C189B26EE468B006D0A03 /* SeniorUsersTableViewController.swift in Sources */,
				603C188326EE4159006D0A03 /* SceneDelegate.swift in Sources */,
			);
			runOnlyForDeploymentPostprocessing = 0;
		};
/* End PBXSourcesBuildPhase section */

/* Begin PBXVariantGroup section */
		603C188626EE4159006D0A03 /* Main.storyboard */ = {
			isa = PBXVariantGroup;
			children = (
				603C188726EE4159006D0A03 /* Base */,
			);
			name = Main.storyboard;
			sourceTree = "<group>";
		};
		603C188B26EE415F006D0A03 /* LaunchScreen.storyboard */ = {
			isa = PBXVariantGroup;
			children = (
				603C188C26EE415F006D0A03 /* Base */,
			);
			name = LaunchScreen.storyboard;
			sourceTree = "<group>";
		};
/* End PBXVariantGroup section */

/* Begin XCBuildConfiguration section */
		603C188F26EE415F006D0A03 /* Debug */ = {
			isa = XCBuildConfiguration;
			buildSettings = {
				ALWAYS_SEARCH_USER_PATHS = NO;
				CLANG_ANALYZER_NONNULL = YES;
				CLANG_ANALYZER_NUMBER_OBJECT_CONVERSION = YES_AGGRESSIVE;
				CLANG_CXX_LANGUAGE_STANDARD = "gnu++14";
				CLANG_CXX_LIBRARY = "libc++";
				CLANG_ENABLE_MODULES = YES;
				CLANG_ENABLE_OBJC_ARC = YES;
				CLANG_ENABLE_OBJC_WEAK = YES;
				CLANG_WARN_BLOCK_CAPTURE_AUTORELEASING = YES;
				CLANG_WARN_BOOL_CONVERSION = YES;
				CLANG_WARN_COMMA = YES;
				CLANG_WARN_CONSTANT_CONVERSION = YES;
				CLANG_WARN_DEPRECATED_OBJC_IMPLEMENTATIONS = YES;
				CLANG_WARN_DIRECT_OBJC_ISA_USAGE = YES_ERROR;
				CLANG_WARN_DOCUMENTATION_COMMENTS = YES;
				CLANG_WARN_EMPTY_BODY = YES;
				CLANG_WARN_ENUM_CONVERSION = YES;
				CLANG_WARN_INFINITE_RECURSION = YES;
				CLANG_WARN_INT_CONVERSION = YES;
				CLANG_WARN_NON_LITERAL_NULL_CONVERSION = YES;
				CLANG_WARN_OBJC_IMPLICIT_RETAIN_SELF = YES;
				CLANG_WARN_OBJC_LITERAL_CONVERSION = YES;
				CLANG_WARN_OBJC_ROOT_CLASS = YES_ERROR;
				CLANG_WARN_QUOTED_INCLUDE_IN_FRAMEWORK_HEADER = YES;
				CLANG_WARN_RANGE_LOOP_ANALYSIS = YES;
				CLANG_WARN_STRICT_PROTOTYPES = YES;
				CLANG_WARN_SUSPICIOUS_MOVE = YES;
				CLANG_WARN_UNGUARDED_AVAILABILITY = YES_AGGRESSIVE;
				CLANG_WARN_UNREACHABLE_CODE = YES;
				CLANG_WARN__DUPLICATE_METHOD_MATCH = YES;
				COPY_PHASE_STRIP = NO;
				DEBUG_INFORMATION_FORMAT = dwarf;
				ENABLE_STRICT_OBJC_MSGSEND = YES;
				ENABLE_TESTABILITY = YES;
				GCC_C_LANGUAGE_STANDARD = gnu11;
				GCC_DYNAMIC_NO_PIC = NO;
				GCC_NO_COMMON_BLOCKS = YES;
				GCC_OPTIMIZATION_LEVEL = 0;
				GCC_PREPROCESSOR_DEFINITIONS = (
					"DEBUG=1",
					"$(inherited)",
				);
				GCC_WARN_64_TO_32_BIT_CONVERSION = YES;
				GCC_WARN_ABOUT_RETURN_TYPE = YES_ERROR;
				GCC_WARN_UNDECLARED_SELECTOR = YES;
				GCC_WARN_UNINITIALIZED_AUTOS = YES_AGGRESSIVE;
				GCC_WARN_UNUSED_FUNCTION = YES;
				GCC_WARN_UNUSED_VARIABLE = YES;
				IPHONEOS_DEPLOYMENT_TARGET = 14.5;
				MTL_ENABLE_DEBUG_INFO = INCLUDE_SOURCE;
				MTL_FAST_MATH = YES;
				ONLY_ACTIVE_ARCH = YES;
				SDKROOT = iphoneos;
				SWIFT_ACTIVE_COMPILATION_CONDITIONS = DEBUG;
				SWIFT_OPTIMIZATION_LEVEL = "-Onone";
			};
			name = Debug;
		};
		603C189026EE415F006D0A03 /* Release */ = {
			isa = XCBuildConfiguration;
			buildSettings = {
				ALWAYS_SEARCH_USER_PATHS = NO;
				CLANG_ANALYZER_NONNULL = YES;
				CLANG_ANALYZER_NUMBER_OBJECT_CONVERSION = YES_AGGRESSIVE;
				CLANG_CXX_LANGUAGE_STANDARD = "gnu++14";
				CLANG_CXX_LIBRARY = "libc++";
				CLANG_ENABLE_MODULES = YES;
				CLANG_ENABLE_OBJC_ARC = YES;
				CLANG_ENABLE_OBJC_WEAK = YES;
				CLANG_WARN_BLOCK_CAPTURE_AUTORELEASING = YES;
				CLANG_WARN_BOOL_CONVERSION = YES;
				CLANG_WARN_COMMA = YES;
				CLANG_WARN_CONSTANT_CONVERSION = YES;
				CLANG_WARN_DEPRECATED_OBJC_IMPLEMENTATIONS = YES;
				CLANG_WARN_DIRECT_OBJC_ISA_USAGE = YES_ERROR;
				CLANG_WARN_DOCUMENTATION_COMMENTS = YES;
				CLANG_WARN_EMPTY_BODY = YES;
				CLANG_WARN_ENUM_CONVERSION = YES;
				CLANG_WARN_INFINITE_RECURSION = YES;
				CLANG_WARN_INT_CONVERSION = YES;
				CLANG_WARN_NON_LITERAL_NULL_CONVERSION = YES;
				CLANG_WARN_OBJC_IMPLICIT_RETAIN_SELF = YES;
				CLANG_WARN_OBJC_LITERAL_CONVERSION = YES;
				CLANG_WARN_OBJC_ROOT_CLASS = YES_ERROR;
				CLANG_WARN_QUOTED_INCLUDE_IN_FRAMEWORK_HEADER = YES;
				CLANG_WARN_RANGE_LOOP_ANALYSIS = YES;
				CLANG_WARN_STRICT_PROTOTYPES = YES;
				CLANG_WARN_SUSPICIOUS_MOVE = YES;
				CLANG_WARN_UNGUARDED_AVAILABILITY = YES_AGGRESSIVE;
				CLANG_WARN_UNREACHABLE_CODE = YES;
				CLANG_WARN__DUPLICATE_METHOD_MATCH = YES;
				COPY_PHASE_STRIP = NO;
				DEBUG_INFORMATION_FORMAT = "dwarf-with-dsym";
				ENABLE_NS_ASSERTIONS = NO;
				ENABLE_STRICT_OBJC_MSGSEND = YES;
				GCC_C_LANGUAGE_STANDARD = gnu11;
				GCC_NO_COMMON_BLOCKS = YES;
				GCC_WARN_64_TO_32_BIT_CONVERSION = YES;
				GCC_WARN_ABOUT_RETURN_TYPE = YES_ERROR;
				GCC_WARN_UNDECLARED_SELECTOR = YES;
				GCC_WARN_UNINITIALIZED_AUTOS = YES_AGGRESSIVE;
				GCC_WARN_UNUSED_FUNCTION = YES;
				GCC_WARN_UNUSED_VARIABLE = YES;
				IPHONEOS_DEPLOYMENT_TARGET = 14.5;
				MTL_ENABLE_DEBUG_INFO = NO;
				MTL_FAST_MATH = YES;
				SDKROOT = iphoneos;
				SWIFT_COMPILATION_MODE = wholemodule;
				SWIFT_OPTIMIZATION_LEVEL = "-O";
				VALIDATE_PRODUCT = YES;
			};
			name = Release;
		};
		603C189226EE415F006D0A03 /* Debug */ = {
			isa = XCBuildConfiguration;
			buildSettings = {
				ASSETCATALOG_COMPILER_APPICON_NAME = AppIcon;
				ASSETCATALOG_COMPILER_GLOBAL_ACCENT_COLOR_NAME = AccentColor;
				CODE_SIGN_STYLE = Automatic;
				DEVELOPMENT_TEAM = S3448RJL2F;
				INFOPLIST_FILE = FutureSeniors/App/Info.plist;
				LD_RUNPATH_SEARCH_PATHS = (
					"$(inherited)",
					"@executable_path/Frameworks",
				);
				PRODUCT_BUNDLE_IDENTIFIER = ru.SwiftBook.FutureSeniors;
				PRODUCT_NAME = "$(TARGET_NAME)";
				SWIFT_VERSION = 5.0;
				TARGETED_DEVICE_FAMILY = 1;
			};
			name = Debug;
		};
		603C189326EE415F006D0A03 /* Release */ = {
			isa = XCBuildConfiguration;
			buildSettings = {
				ASSETCATALOG_COMPILER_APPICON_NAME = AppIcon;
				ASSETCATALOG_COMPILER_GLOBAL_ACCENT_COLOR_NAME = AccentColor;
				CODE_SIGN_STYLE = Automatic;
				DEVELOPMENT_TEAM = S3448RJL2F;
				INFOPLIST_FILE = FutureSeniors/App/Info.plist;
				LD_RUNPATH_SEARCH_PATHS = (
					"$(inherited)",
					"@executable_path/Frameworks",
				);
				PRODUCT_BUNDLE_IDENTIFIER = ru.SwiftBook.FutureSeniors;
				PRODUCT_NAME = "$(TARGET_NAME)";
				SWIFT_VERSION = 5.0;
				TARGETED_DEVICE_FAMILY = 1;
			};
			name = Release;
		};
/* End XCBuildConfiguration section */

/* Begin XCConfigurationList section */
		603C187826EE4159006D0A03 /* Build configuration list for PBXProject "FutureSeniors" */ = {
			isa = XCConfigurationList;
			buildConfigurations = (
				603C188F26EE415F006D0A03 /* Debug */,
				603C189026EE415F006D0A03 /* Release */,
			);
			defaultConfigurationIsVisible = 0;
			defaultConfigurationName = Release;
		};
		603C189126EE415F006D0A03 /* Build configuration list for PBXNativeTarget "FutureSeniors" */ = {
			isa = XCConfigurationList;
			buildConfigurations = (
				603C189226EE415F006D0A03 /* Debug */,
				603C189326EE415F006D0A03 /* Release */,
			);
			defaultConfigurationIsVisible = 0;
			defaultConfigurationName = Release;
		};
/* End XCConfigurationList section */
	};
	rootObject = 603C187526EE4159006D0A03 /* Project object */;
}
